
Microsoft Visual Studio Solution File, Format Version 12.00
# Visual Studio Version 17
VisualStudioVersion = 17.8.34408.163
MinimumVisualStudioVersion = 10.0.40219.1
Project("{9A19103F-16F7-4668-BE54-9A1E7A4F7556}") = "ExcelDataReaderLinkCell", "ExcelDataReaderLinkCell.csproj", "{5309CFA2-07C6-46D5-B133-1D2ED14244D9}"
EndProject
Global
	GlobalSection(SolutionConfigurationPlatforms) = preSolution
		Debug|Any CPU = Debug|Any CPU
		Release|Any CPU = Release|Any CPU
	EndGlobalSection
	GlobalSection(ProjectConfigurationPlatforms) = postSolution
		{5309CFA2-07C6-46D5-B133-1D2ED14244D9}.Debug|Any CPU.ActiveCfg = Debug|Any CPU
		{5309CFA2-07C6-46D5-B133-1D2ED14244D9}.Debug|Any CPU.Build.0 = Debug|Any CPU
		{5309CFA2-07C6-46D5-B133-1D2ED14244D9}.Release|Any CPU.ActiveCfg = Release|Any CPU
		{5309CFA2-07C6-46D5-B133-1D2ED14244D9}.Release|Any CPU.Build.0 = Release|Any CPU
	EndGlobalSection
	GlobalSection(SolutionProperties) = preSolution
		HideSolutionNode = FALSE
	EndGlobalSection
	GlobalSection(ExtensibilityGlobals) = postSolution
		SolutionGuid = {DE02FC82-90B7-4CE2-9153-D47E8A61C99E}
	EndGlobalSection
EndGlobal
